Microsoft Visual Studio Solution File, Format Version 12.00
# Visual Studio Version 17
VisualStudioVersion = 17.5.2.0
MinimumVisualStudioVersion = 10.0.40219.1
Project("{2150E333-8FDC-42A3-9474-1A3956D46DE8}") = "src", "src", "{827E0CD3-B72D-47B6-A68D-7590B98EB39B}"
EndProject
Project("{2150E333-8FDC-42A3-9474-1A3956D46DE8}") = "samples", "samples", "{D1B4CF99-7947-DD6C-81D0-5B5B3989814C}"
EndProject
Project("{2150E333-8FDC-42A3-9474-1A3956D46DE8}") = "semantic_kernel", "semantic_kernel", "{E3985917-2D3D-E3B6-0DA5-3360F56B1BCC}"
EndProject
Project("{2150E333-8FDC-42A3-9474-1A3956D46DE8}") = "dotnet", "dotnet", "{AD3E8D09-30F6-3A71-2EBB-5D8B12EFACAE}"
EndProject
Project("{FAE04EC0-301F-11D3-BF4B-00C04F79EFBC}") = "TechSupportChatAgent", "src\samples\semantic_kernel\dotnet\tech-support-chat-agent\TechSupportChatAgent.csproj", "{58F1FCC7-8F2A-BDD7-52FA-2262F4C228FC}"
EndProject
Global
	GlobalSection(SolutionConfigurationPlatforms) = preSolution
		Debug|Any CPU = Debug|Any CPU
		Release|Any CPU = Release|Any CPU
	EndGlobalSection
	GlobalSection(ProjectConfigurationPlatforms) = postSolution
		{58F1FCC7-8F2A-BDD7-52FA-2262F4C228FC}.Debug|Any CPU.ActiveCfg = Debug|Any CPU
		{58F1FCC7-8F2A-BDD7-52FA-2262F4C228FC}.Debug|Any CPU.Build.0 = Debug|Any CPU
		{58F1FCC7-8F2A-BDD7-52FA-2262F4C228FC}.Release|Any CPU.ActiveCfg = Release|Any CPU
		{58F1FCC7-8F2A-BDD7-52FA-2262F4C228FC}.Release|Any CPU.Build.0 = Release|Any CPU
	EndGlobalSection
	GlobalSection(SolutionProperties) = preSolution
		HideSolutionNode = FALSE
	EndGlobalSection
	GlobalSection(NestedProjects) = preSolution
		{D1B4CF99-7947-DD6C-81D0-5B5B3989814C} = {827E0CD3-B72D-47B6-A68D-7590B98EB39B}
		{E3985917-2D3D-E3B6-0DA5-3360F56B1BCC} = {D1B4CF99-7947-DD6C-81D0-5B5B3989814C}
		{AD3E8D09-30F6-3A71-2EBB-5D8B12EFACAE} = {E3985917-2D3D-E3B6-0DA5-3360F56B1BCC}
		{58F1FCC7-8F2A-BDD7-52FA-2262F4C228FC} = {AD3E8D09-30F6-3A71-2EBB-5D8B12EFACAE}
	EndGlobalSection
	GlobalSection(ExtensibilityGlobals) = postSolution
		SolutionGuid = {7D09F8A5-4C59-4934-A226-7AE35A983C30}
	EndGlobalSection
EndGlobal
